// !$*UTF8*$!
{
	archiveVersion = 1;
	classes = {
	};
	objectVersion = 77;
	objects = {

/* Begin PBXContainerItemProxy section */
		D3DE4B072CD0069600DB8A18 /* PBXContainerItemProxy */ = {
			isa = PBXContainerItemProxy;
			containerPortal = D3DE4AEE2CD0069500DB8A18 /* Project object */;
			proxyType = 1;
			remoteGlobalIDString = D3DE4AF52CD0069500DB8A18;
			remoteInfo = "Agenda do Caminhonista IOS";
		};
		D3DE4B112CD0069600DB8A18 /* PBXContainerItemProxy */ = {
			isa = PBXContainerItemProxy;
			containerPortal = D3DE4AEE2CD0069500DB8A18 /* Project object */;
			proxyType = 1;
			remoteGlobalIDString = D3DE4AF52CD0069500DB8A18;
			remoteInfo = "Agenda do Caminhonista IOS";
		};
/* End PBXContainerItemProxy section */

/* Begin PBXFileReference section */
		D3DE4AF62CD0069500DB8A18 /* Agenda do Caminhonista IOS.app */ = {isa = PBXFileReference; explicitFileType = wrapper.application; includeInIndex = 0; path = "Agenda do Caminhonista IOS.app"; sourceTree = BUILT_PRODUCTS_DIR; };
		D3DE4B062CD0069600DB8A18 /* Agenda do Caminhonista IOSTests.xctest */ = {isa = PBXFileReference; explicitFileType = wrapper.cfbundle; includeInIndex = 0; path = "Agenda do Caminhonista IOSTests.xctest"; sourceTree = BUILT_PRODUCTS_DIR; };
		D3DE4B102CD0069600DB8A18 /* Agenda do Caminhonista IOSUITests.xctest */ = {isa = PBXFileReference; explicitFileType = wrapper.cfbundle; includeInIndex = 0; path = "Agenda do Caminhonista IOSUITests.xctest"; sourceTree = BUILT_PRODUCTS_DIR; };
/* End PBXFileReference section */

/* Begin PBXFileSystemSynchronizedRootGroup section */
		D3DE4AF82CD0069500DB8A18 /* Agenda do Caminhonista IOS */ = {
			isa = PBXFileSystemSynchronizedRootGroup;
			path = "Agenda do Caminhonista IOS";
			sourceTree = "<group>";
		};
/* End PBXFileSystemSynchronizedRootGroup section */

/* Begin PBXFrameworksBuildPhase section */
		D3DE4AF32CD0069500DB8A18 /* Frameworks */ = {
			isa = PBXFrameworksBuildPhase;
			buildActionMask = 2147483647;
			files = (
			);
			runOnlyForDeploymentPostprocessing = 0;
		};
		D3DE4B032CD0069600DB8A18 /* Frameworks */ = {
			isa = PBXFrameworksBuildPhase;
			buildActionMask = 2147483647;
			files = (
			);
			runOnlyForDeploymentPostprocessing = 0;
		};
		D3DE4B0D2CD0069600DB8A18 /* Frameworks */ = {
			isa = PBXFrameworksBuildPhase;
			buildActionMask = 2147483647;
			files = (
			);
			runOnlyForDeploymentPostprocessing = 0;
		};
/* End PBXFrameworksBuildPhase section */

/* Begin PBXGroup section */
		D3DE4AED2CD0069500DB8A18 = {
			isa = PBXGroup;
			children = (
				D3DE4AF82CD0069500DB8A18 /* Agenda do Caminhonista IOS */,
				D3DE4AF72CD0069500DB8A18 /* Products */,
			);
			sourceTree = "<group>";
		};
		D3DE4AF72CD0069500DB8A18 /* Products */ = {
			isa = PBXGroup;
			children = (
				D3DE4AF62CD0069500DB8A18 /* Agenda do Caminhonista IOS.app */,
				D3DE4B062CD0069600DB8A18 /* Agenda do Caminhonista IOSTests.xctest */,
				D3DE4B102CD0069600DB8A18 /* Agenda do Caminhonista IOSUITests.xctest */,
			);
			name = Products;
			sourceTree = "<group>";
		};
/* End PBXGroup section */

/* Begin PBXNativeTarget section */
		D3DE4AF52CD0069500DB8A18 /* Agenda do Caminhonista IOS */ = {
			isa = PBXNativeTarget;
			buildConfigurationList = D3DE4B1A2CD0069600DB8A18 /* Build configuration list for PBXNativeTarget "Agenda do Caminhonista IOS" */;
			buildPhases = (
				D3DE4AF22CD0069500DB8A18 /* Sources */,
				D3DE4AF32CD0069500DB8A18 /* Frameworks */,
				D3DE4AF42CD0069500DB8A18 /* Resources */,
			);
			buildRules = (
			);
			dependencies = (
			);
			fileSystemSynchronizedGroups = (
				D3DE4AF82CD0069500DB8A18 /* Agenda do Caminhonista IOS */,
			);
			name = "Agenda do Caminhonista IOS";
			packageProductDependencies = (
			);
			productName = "Agenda do Caminhonista IOS";
			productReference = D3DE4AF62CD0069500DB8A18 /* Agenda do Caminhonista IOS.app */;
			productType = "com.apple.product-type.application";
		};
		D3DE4B052CD0069600DB8A18 /* Agenda do Caminhonista IOSTests */ = {
			isa = PBXNativeTarget;
			buildConfigurationList = D3DE4B1D2CD0069600DB8A18 /* Build configuration list for PBXNativeTarget "Agenda do Caminhonista IOSTests" */;
			buildPhases = (
				D3DE4B022CD0069600DB8A18 /* Sources */,
				D3DE4B032CD0069600DB8A18 /* Frameworks */,
				D3DE4B042CD0069600DB8A18 /* Resources */,
			);
			buildRules = (
			);
			dependencies = (
				D3DE4B082CD0069600DB8A18 /* PBXTargetDependency */,
			);
			name = "Agenda do Caminhonista IOSTests";
			packageProductDependencies = (
			);
			productName = "Agenda do Caminhonista IOSTests";
			productReference = D3DE4B062CD0069600DB8A18 /* Agenda do Caminhonista IOSTests.xctest */;
			productType = "com.apple.product-type.bundle.unit-test";
		};
		D3DE4B0F2CD0069600DB8A18 /* Agenda do Caminhonista IOSUITests */ = {
			isa = PBXNativeTarget;
			buildConfigurationList = D3DE4B202CD0069600DB8A18 /* Build configuration list for PBXNativeTarget "Agenda do Caminhonista IOSUITests" */;
			buildPhases = (
				D3DE4B0C2CD0069600DB8A18 /* Sources */,
				D3DE4B0D2CD0069600DB8A18 /* Frameworks */,
				D3DE4B0E2CD0069600DB8A18 /* Resources */,
			);
			buildRules = (
			);
			dependencies = (
				D3DE4B122CD0069600DB8A18 /* PBXTargetDependency */,
			);
			name = "Agenda do Caminhonista IOSUITests";
			packageProductDependencies = (
			);
			productName = "Agenda do Caminhonista IOSUITests";
			productReference = D3DE4B102CD0069600DB8A18 /* Agenda do Caminhonista IOSUITests.xctest */;
			productType = "com.apple.product-type.bundle.ui-testing";
		};
/* End PBXNativeTarget section */

/* Begin PBXProject section */
		D3DE4AEE2CD0069500DB8A18 /* Project object */ = {
			isa = PBXProject;
			attributes = {
				BuildIndependentTargetsInParallel = 1;
				LastSwiftUpdateCheck = 1600;
				LastUpgradeCheck = 1600;
				TargetAttributes = {
					D3DE4AF52CD0069500DB8A18 = {
						CreatedOnToolsVersion = 16.0;
					};
					D3DE4B052CD0069600DB8A18 = {
						CreatedOnToolsVersion = 16.0;
						TestTargetID = D3DE4AF52CD0069500DB8A18;
					};
					D3DE4B0F2CD0069600DB8A18 = {
						CreatedOnToolsVersion = 16.0;
						TestTargetID = D3DE4AF52CD0069500DB8A18;
					};
				};
			};
			buildConfigurationList = D3DE4AF12CD0069500DB8A18 /* Build configuration list for PBXProject "Agenda do Caminhonista IOS" */;
			developmentRegion = en;
			hasScannedForEncodings = 0;
			knownRegions = (
				en,
				Base,
			);
			mainGroup = D3DE4AED2CD0069500DB8A18;
			minimizedProjectReferenceProxies = 1;
			preferredProjectObjectVersion = 77;
			productRefGroup = D3DE4AF72CD0069500DB8A18 /* Products */;
			projectDirPath = "";
			projectRoot = "";
			targets = (
				D3DE4AF52CD0069500DB8A18 /* Agenda do Caminhonista IOS */,
				D3DE4B052CD0069600DB8A18 /* Agenda do Caminhonista IOSTests */,
				D3DE4B0F2CD0069600DB8A18 /* Agenda do Caminhonista IOSUITests */,
			);
		};
/* End PBXProject section */

/* Begin PBXResourcesBuildPhase section */
		D3DE4AF42CD0069500DB8A18 /* Resources */ = {
			isa = PBXResourcesBuildPhase;
			buildActionMask = 2147483647;
			files = (
			);
			runOnlyForDeploymentPostprocessing = 0;
		};
		D3DE4B042CD0069600DB8A18 /* Resources */ = {
			isa = PBXResourcesBuildPhase;
			buildActionMask = 2147483647;
			files = (
			);
			runOnlyForDeploymentPostprocessing = 0;
		};
		D3DE4B0E2CD0069600DB8A18 /* Resources */ = {
			isa = PBXResourcesBuildPhase;
			buildActionMask = 2147483647;
			files = (
			);
			runOnlyForDeploymentPostprocessing = 0;
		};
/* End PBXResourcesBuildPhase section */

/* Begin PBXSourcesBuildPhase section */
		D3DE4AF22CD0069500DB8A18 /* Sources */ = {
			isa = PBXSourcesBuildPhase;
			buildActionMask = 2147483647;
			files = (
			);
			runOnlyForDeploymentPostprocessing = 0;
		};
		D3DE4B022CD0069600DB8A18 /* Sources */ = {
			isa = PBXSourcesBuildPhase;
			buildActionMask = 2147483647;
			files = (
			);
			runOnlyForDeploymentPostprocessing = 0;
		};
		D3DE4B0C2CD0069600DB8A18 /* Sources */ = {
			isa = PBXSourcesBuildPhase;
			buildActionMask = 2147483647;
			files = (
			);
			runOnlyForDeploymentPostprocessing = 0;
		};
/* End PBXSourcesBuildPhase section */

/* Begin PBXTargetDependency section */
		D3DE4B082CD0069600DB8A18 /* PBXTargetDependency */ = {
			isa = PBXTargetDependency;
			target = D3DE4AF52CD0069500DB8A18 /* Agenda do Caminhonista IOS */;
			targetProxy = D3DE4B072CD0069600DB8A18 /* PBXContainerItemProxy */;
		};
		D3DE4B122CD0069600DB8A18 /* PBXTargetDependency */ = {
			isa = PBXTargetDependency;
			target = D3DE4AF52CD0069500DB8A18 /* Agenda do Caminhonista IOS */;
			targetProxy = D3DE4B112CD0069600DB8A18 /* PBXContainerItemProxy */;
		};
/* End PBXTargetDependency section */

/* Begin XCBuildConfiguration section */
		D3DE4B182CD0069600DB8A18 /* Debug */ = {
			isa = XCBuildConfiguration;
			buildSettings = {
				ALWAYS_SEARCH_USER_PATHS = NO;
				ASSETCATALOG_COMPILER_GENERATE_SWIFT_ASSET_SYMBOL_EXTENSIONS = YES;
				CLANG_ANALYZER_NONNULL = YES;
				CLANG_ANALYZER_NUMBER_OBJECT_CONVERSION = YES_AGGRESSIVE;
				CLANG_CXX_LANGUAGE_STANDARD = "gnu++20";
				CLANG_ENABLE_MODULES = YES;
				CLANG_ENABLE_OBJC_ARC = YES;
				CLANG_ENABLE_OBJC_WEAK = YES;
				CLANG_WARN_BLOCK_CAPTURE_AUTORELEASING = YES;
				CLANG_WARN_BOOL_CONVERSION = YES;
				CLANG_WARN_COMMA = YES;
				CLANG_WARN_CONSTANT_CONVERSION = YES;
				CLANG_WARN_DEPRECATED_OBJC_IMPLEMENTATIONS = YES;
				CLANG_WARN_DIRECT_OBJC_ISA_USAGE = YES_ERROR;
				CLANG_WARN_DOCUMENTATION_COMMENTS = YES;
				CLANG_WARN_EMPTY_BODY = YES;
				CLANG_WARN_ENUM_CONVERSION = YES;
				CLANG_WARN_INFINITE_RECURSION = YES;
				CLANG_WARN_INT_CONVERSION = YES;
				CLANG_WARN_NON_LITERAL_NULL_CONVERSION = YES;
				CLANG_WARN_OBJC_IMPLICIT_RETAIN_SELF = YES;
				CLANG_WARN_OBJC_LITERAL_CONVERSION = YES;
				CLANG_WARN_OBJC_ROOT_CLASS = YES_ERROR;
				CLANG_WARN_QUOTED_INCLUDE_IN_FRAMEWORK_HEADER = YES;
				CLANG_WARN_RANGE_LOOP_ANALYSIS = YES;
				CLANG_WARN_STRICT_PROTOTYPES = YES;
				CLANG_WARN_SUSPICIOUS_MOVE = YES;
				CLANG_WARN_UNGUARDED_AVAILABILITY = YES_AGGRESSIVE;
				CLANG_WARN_UNREACHABLE_CODE = YES;
				CLANG_WARN__DUPLICATE_METHOD_MATCH = YES;
				COPY_PHASE_STRIP = NO;
				DEBUG_INFORMATION_FORMAT = dwarf;
				ENABLE_STRICT_OBJC_MSGSEND = YES;
				ENABLE_TESTABILITY = YES;
				ENABLE_USER_SCRIPT_SANDBOXING = YES;
				GCC_C_LANGUAGE_STANDARD = gnu17;
				GCC_DYNAMIC_NO_PIC = NO;
				GCC_NO_COMMON_BLOCKS = YES;
				GCC_OPTIMIZATION_LEVEL = 0;
				GCC_PREPROCESSOR_DEFINITIONS = (
					"DEBUG=1",
					"$(inherited)",
				);
				GCC_WARN_64_TO_32_BIT_CONVERSION = YES;
				GCC_WARN_ABOUT_RETURN_TYPE = YES_ERROR;
				GCC_WARN_UNDECLARED_SELECTOR = YES;
				GCC_WARN_UNINITIALIZED_AUTOS = YES_AGGRESSIVE;
				GCC_WARN_UNUSED_FUNCTION = YES;
				GCC_WARN_UNUSED_VARIABLE = YES;
				IPHONEOS_DEPLOYMENT_TARGET = 18.0;
				LOCALIZATION_PREFERS_STRING_CATALOGS = YES;
				MTL_ENABLE_DEBUG_INFO = INCLUDE_SOURCE;
				MTL_FAST_MATH = YES;
				ONLY_ACTIVE_ARCH = YES;
				SDKROOT = iphoneos;
				SWIFT_ACTIVE_COMPILATION_CONDITIONS = "DEBUG $(inherited)";
				SWIFT_OPTIMIZATION_LEVEL = "-Onone";
			};
			name = Debug;
		};
		D3DE4B192CD0069600DB8A18 /* Release */ = {
			isa = XCBuildConfiguration;
			buildSettings = {
				ALWAYS_SEARCH_USER_PATHS = NO;
				ASSETCATALOG_COMPILER_GENERATE_SWIFT_ASSET_SYMBOL_EXTENSIONS = YES;
				CLANG_ANALYZER_NONNULL = YES;
				CLANG_ANALYZER_NUMBER_OBJECT_CONVERSION = YES_AGGRESSIVE;
				CLANG_CXX_LANGUAGE_STANDARD = "gnu++20";
				CLANG_ENABLE_MODULES = YES;
				CLANG_ENABLE_OBJC_ARC = YES;
				CLANG_ENABLE_OBJC_WEAK = YES;
				CLANG_WARN_BLOCK_CAPTURE_AUTORELEASING = YES;
				CLANG_WARN_BOOL_CONVERSION = YES;
				CLANG_WARN_COMMA = YES;
				CLANG_WARN_CONSTANT_CONVERSION = YES;
				CLANG_WARN_DEPRECATED_OBJC_IMPLEMENTATIONS = YES;
				CLANG_WARN_DIRECT_OBJC_ISA_USAGE = YES_ERROR;
				CLANG_WARN_DOCUMENTATION_COMMENTS = YES;
				CLANG_WARN_EMPTY_BODY = YES;
				CLANG_WARN_ENUM_CONVERSION = YES;
				CLANG_WARN_INFINITE_RECURSION = YES;
				CLANG_WARN_INT_CONVERSION = YES;
				CLANG_WARN_NON_LITERAL_NULL_CONVERSION = YES;
				CLANG_WARN_OBJC_IMPLICIT_RETAIN_SELF = YES;
				CLANG_WARN_OBJC_LITERAL_CONVERSION = YES;
				CLANG_WARN_OBJC_ROOT_CLASS = YES_ERROR;
				CLANG_WARN_QUOTED_INCLUDE_IN_FRAMEWORK_HEADER = YES;
				CLANG_WARN_RANGE_LOOP_ANALYSIS = YES;
				CLANG_WARN_STRICT_PROTOTYPES = YES;
				CLANG_WARN_SUSPICIOUS_MOVE = YES;
				CLANG_WARN_UNGUARDED_AVAILABILITY = YES_AGGRESSIVE;
				CLANG_WARN_UNREACHABLE_CODE = YES;
				CLANG_WARN__DUPLICATE_METHOD_MATCH = YES;
				COPY_PHASE_STRIP = NO;
				DEBUG_INFORMATION_FORMAT = "dwarf-with-dsym";
				ENABLE_NS_ASSERTIONS = NO;
				ENABLE_STRICT_OBJC_MSGSEND = YES;
				ENABLE_USER_SCRIPT_SANDBOXING = YES;
				GCC_C_LANGUAGE_STANDARD = gnu17;
				GCC_NO_COMMON_BLOCKS = YES;
				GCC_WARN_64_TO_32_BIT_CONVERSION = YES;
				GCC_WARN_ABOUT_RETURN_TYPE = YES_ERROR;
				GCC_WARN_UNDECLARED_SELECTOR = YES;
				GCC_WARN_UNINITIALIZED_AUTOS = YES_AGGRESSIVE;
				GCC_WARN_UNUSED_FUNCTION = YES;
				GCC_WARN_UNUSED_VARIABLE = YES;
				IPHONEOS_DEPLOYMENT_TARGET = 18.0;
				LOCALIZATION_PREFERS_STRING_CATALOGS = YES;
				MTL_ENABLE_DEBUG_INFO = NO;
				MTL_FAST_MATH = YES;
				SDKROOT = iphoneos;
				SWIFT_COMPILATION_MODE = wholemodule;
				VALIDATE_PRODUCT = YES;
			};
			name = Release;
		};
		D3DE4B1B2CD0069600DB8A18 /* Debug */ = {
			isa = XCBuildConfiguration;
			buildSettings = {
				ASSETCATALOG_COMPILER_APPICON_NAME = AppIcon;
				ASSETCATALOG_COMPILER_GLOBAL_ACCENT_COLOR_NAME = AccentColor;
				CODE_SIGN_STYLE = Automatic;
				CURRENT_PROJECT_VERSION = 1;
				DEVELOPMENT_ASSET_PATHS = "\"Agenda do Caminhonista IOS/Preview Content\"";
				DEVELOPMENT_TEAM = ZP9PM4T396;
				ENABLE_PREVIEWS = YES;
				GENERATE_INFOPLIST_FILE = YES;
				INFOPLIST_FILE = "Agenda-do-Caminhonista-IOS-Info.plist";
				INFOPLIST_KEY_NSLocationAlwaysUsageDescription = "O aplicativo precisa acessar sua localização para exibir conteúdo relevante";
				INFOPLIST_KEY_NSLocationWhenInUseUsageDescription = "O aplicativo precisa acessar sua localização para exibir conteúdo relevante";
				INFOPLIST_KEY_UIApplicationSceneManifest_Generation = YES;
				INFOPLIST_KEY_UIApplicationSupportsIndirectInputEvents = YES;
				INFOPLIST_KEY_UILaunchScreen_Generation = YES;
				INFOPLIST_KEY_UISupportedInterfaceOrientations_iPad = "UIInterfaceOrientationPortrait UIInterfaceOrientationPortraitUpsideDown UIInterfaceOrientationLandscapeLeft UIInterfaceOrientationLandscapeRight";
				INFOPLIST_KEY_UISupportedInterfaceOrientations_iPhone = "UIInterfaceOrientationPortrait UIInterfaceOrientationLandscapeLeft UIInterfaceOrientationLandscapeRight";
				LD_RUNPATH_SEARCH_PATHS = (
					"$(inherited)",
					"@executable_path/Frameworks",
				);
				MARKETING_VERSION = 1.0;
				PRODUCT_BUNDLE_IDENTIFIER = "snitram.Agenda-do-Caminhonista-IOS";
				PRODUCT_NAME = "$(TARGET_NAME)";
				SWIFT_EMIT_LOC_STRINGS = YES;
				SWIFT_VERSION = 5.0;
				TARGETED_DEVICE_FAMILY = "1,2";
			};
			name = Debug;
		};
		D3DE4B1C2CD0069600DB8A18 /* Release */ = {
			isa = XCBuildConfiguration;
			buildSettings = {
				ASSETCATALOG_COMPILER_APPICON_NAME = AppIcon;
				ASSETCATALOG_COMPILER_GLOBAL_ACCENT_COLOR_NAME = AccentColor;
				CODE_SIGN_STYLE = Automatic;
				CURRENT_PROJECT_VERSION = 1;
				DEVELOPMENT_ASSET_PATHS = "\"Agenda do Caminhonista IOS/Preview Content\"";
				DEVELOPMENT_TEAM = ZP9PM4T396;
				ENABLE_PREVIEWS = YES;
				GENERATE_INFOPLIST_FILE = YES;
				INFOPLIST_FILE = "Agenda-do-Caminhonista-IOS-Info.plist";
				INFOPLIST_KEY_NSLocationAlwaysUsageDescription = "O aplicativo precisa acessar sua localização para exibir conteúdo relevante";
				INFOPLIST_KEY_NSLocationWhenInUseUsageDescription = "O aplicativo precisa acessar sua localização para exibir conteúdo relevante";
				INFOPLIST_KEY_UIApplicationSceneManifest_Generation = YES;
				INFOPLIST_KEY_UIApplicationSupportsIndirectInputEvents = YES;
				INFOPLIST_KEY_UILaunchScreen_Generation = YES;
				INFOPLIST_KEY_UISupportedInterfaceOrientations_iPad = "UIInterfaceOrientationPortrait UIInterfaceOrientationPortraitUpsideDown UIInterfaceOrientationLandscapeLeft UIInterfaceOrientationLandscapeRight";
				INFOPLIST_KEY_UISupportedInterfaceOrientations_iPhone = "UIInterfaceOrientationPortrait UIInterfaceOrientationLandscapeLeft UIInterfaceOrientationLandscapeRight";
				LD_RUNPATH_SEARCH_PATHS = (
					"$(inherited)",
					"@executable_path/Frameworks",
				);
				MARKETING_VERSION = 1.0;
				PRODUCT_BUNDLE_IDENTIFIER = "snitram.Agenda-do-Caminhonista-IOS";
				PRODUCT_NAME = "$(TARGET_NAME)";
				SWIFT_EMIT_LOC_STRINGS = YES;
				SWIFT_VERSION = 5.0;
				TARGETED_DEVICE_FAMILY = "1,2";
			};
			name = Release;
		};
		D3DE4B1E2CD0069600DB8A18 /* Debug */ = {
			isa = XCBuildConfiguration;
			buildSettings = {
				BUNDLE_LOADER = "$(TEST_HOST)";
				CODE_SIGN_STYLE = Automatic;
				CURRENT_PROJECT_VERSION = 1;
				DEVELOPMENT_TEAM = ZP9PM4T396;
				GENERATE_INFOPLIST_FILE = YES;
				IPHONEOS_DEPLOYMENT_TARGET = 18.0;
				MARKETING_VERSION = 1.0;
				PRODUCT_BUNDLE_IDENTIFIER = "snitram.Agenda-do-Caminhonista-IOSTests";
				PRODUCT_NAME = "$(TARGET_NAME)";
				SWIFT_EMIT_LOC_STRINGS = NO;
				SWIFT_VERSION = 5.0;
				TARGETED_DEVICE_FAMILY = "1,2";
				TEST_HOST = "$(BUILT_PRODUCTS_DIR)/Agenda do Caminhonista IOS.app/$(BUNDLE_EXECUTABLE_FOLDER_PATH)/Agenda do Caminhonista IOS";
			};
			name = Debug;
		};
		D3DE4B1F2CD0069600DB8A18 /* Release */ = {
			isa = XCBuildConfiguration;
			buildSettings = {
				BUNDLE_LOADER = "$(TEST_HOST)";
				CODE_SIGN_STYLE = Automatic;
				CURRENT_PROJECT_VERSION = 1;
				DEVELOPMENT_TEAM = ZP9PM4T396;
				GENERATE_INFOPLIST_FILE = YES;
				IPHONEOS_DEPLOYMENT_TARGET = 18.0;
				MARKETING_VERSION = 1.0;
				PRODUCT_BUNDLE_IDENTIFIER = "snitram.Agenda-do-Caminhonista-IOSTests";
				PRODUCT_NAME = "$(TARGET_NAME)";
				SWIFT_EMIT_LOC_STRINGS = NO;
				SWIFT_VERSION = 5.0;
				TARGETED_DEVICE_FAMILY = "1,2";
				TEST_HOST = "$(BUILT_PRODUCTS_DIR)/Agenda do Caminhonista IOS.app/$(BUNDLE_EXECUTABLE_FOLDER_PATH)/Agenda do Caminhonista IOS";
			};
			name = Release;
		};
		D3DE4B212CD0069600DB8A18 /* Debug */ = {
			isa = XCBuildConfiguration;
			buildSettings = {
				CODE_SIGN_STYLE = Automatic;
				CURRENT_PROJECT_VERSION = 1;
				DEVELOPMENT_TEAM = ZP9PM4T396;
				GENERATE_INFOPLIST_FILE = YES;
				MARKETING_VERSION = 1.0;
				PRODUCT_BUNDLE_IDENTIFIER = "snitram.Agenda-do-Caminhonista-IOSUITests";
				PRODUCT_NAME = "$(TARGET_NAME)";
				SWIFT_EMIT_LOC_STRINGS = NO;
				SWIFT_VERSION = 5.0;
				TARGETED_DEVICE_FAMILY = "1,2";
				TEST_TARGET_NAME = "Agenda do Caminhonista IOS";
			};
			name = Debug;
		};
		D3DE4B222CD0069600DB8A18 /* Release */ = {
			isa = XCBuildConfiguration;
			buildSettings = {
				CODE_SIGN_STYLE = Automatic;
				CURRENT_PROJECT_VERSION = 1;
				DEVELOPMENT_TEAM = ZP9PM4T396;
				GENERATE_INFOPLIST_FILE = YES;
				MARKETING_VERSION = 1.0;
				PRODUCT_BUNDLE_IDENTIFIER = "snitram.Agenda-do-Caminhonista-IOSUITests";
				PRODUCT_NAME = "$(TARGET_NAME)";
				SWIFT_EMIT_LOC_STRINGS = NO;
				SWIFT_VERSION = 5.0;
				TARGETED_DEVICE_FAMILY = "1,2";
				TEST_TARGET_NAME = "Agenda do Caminhonista IOS";
			};
			name = Release;
		};
/* End XCBuildConfiguration section */

/* Begin XCConfigurationList section */
		D3DE4AF12CD0069500DB8A18 /* Build configuration list for PBXProject "Agenda do Caminhonista IOS" */ = {
			isa = XCConfigurationList;
			buildConfigurations = (
				D3DE4B182CD0069600DB8A18 /* Debug */,
				D3DE4B192CD0069600DB8A18 /* Release */,
			);
			defaultConfigurationIsVisible = 0;
			defaultConfigurationName = Release;
		};
		D3DE4B1A2CD0069600DB8A18 /* Build configuration list for PBXNativeTarget "Agenda do Caminhonista IOS" */ = {
			isa = XCConfigurationList;
			buildConfigurations = (
				D3DE4B1B2CD0069600DB8A18 /* Debug */,
				D3DE4B1C2CD0069600DB8A18 /* Release */,
			);
			defaultConfigurationIsVisible = 0;
			defaultConfigurationName = Release;
		};
		D3DE4B1D2CD0069600DB8A18 /* Build configuration list for PBXNativeTarget "Agenda do Caminhonista IOSTests" */ = {
			isa = XCConfigurationList;
			buildConfigurations = (
				D3DE4B1E2CD0069600DB8A18 /* Debug */,
				D3DE4B1F2CD0069600DB8A18 /* Release */,
			);
			defaultConfigurationIsVisible = 0;
			defaultConfigurationName = Release;
		};
		D3DE4B202CD0069600DB8A18 /* Build configuration list for PBXNativeTarget "Agenda do Caminhonista IOSUITests" */ = {
			isa = XCConfigurationList;
			buildConfigurations = (
				D3DE4B212CD0069600DB8A18 /* Debug */,
				D3DE4B222CD0069600DB8A18 /* Release */,
			);
			defaultConfigurationIsVisible = 0;
			defaultConfigurationName = Release;
		};
/* End XCConfigurationList section */
	};
	rootObject = D3DE4AEE2CD0069500DB8A18 /* Project object */;
}
